
Microsoft Visual Studio Solution File, Format Version 12.00
# Visual Studio Version 16
VisualStudioVersion = 16.0.29411.108
MinimumVisualStudioVersion = 10.0.40219.1
Project("{FAE04EC0-301F-11D3-BF4B-00C04F79EFBC}") = "SuperheroesWebApp", "SuperheroesWebApp.csproj", "{5929B708-95E4-4B2A-A5DA-F004C95EDC2B}"
EndProject
Global
	GlobalSection(SolutionConfigurationPlatforms) = preSolution
		Debug|Any CPU = Debug|Any CPU
		Release|Any CPU = Release|Any CPU
	EndGlobalSection
	GlobalSection(ProjectConfigurationPlatforms) = postSolution
		{5929B708-95E4-4B2A-A5DA-F004C95EDC2B}.Debug|Any CPU.ActiveCfg = Debug|Any CPU
		{5929B708-95E4-4B2A-A5DA-F004C95EDC2B}.Debug|Any CPU.Build.0 = Debug|Any CPU
		{5929B708-95E4-4B2A-A5DA-F004C95EDC2B}.Release|Any CPU.ActiveCfg = Release|Any CPU
		{5929B708-95E4-4B2A-A5DA-F004C95EDC2B}.Release|Any CPU.Build.0 = Release|Any CPU
	EndGlobalSection
	GlobalSection(SolutionProperties) = preSolution
		HideSolutionNode = FALSE
	EndGlobalSection
	GlobalSection(ExtensibilityGlobals) = postSolution
		SolutionGuid = {1A6822DE-A76B-458C-9C44-41A4052B7292}
	EndGlobalSection
EndGlobal
